
Microsoft Visual Studio Solution File, Format Version 12.00
# Visual Studio Version 17
VisualStudioVersion = 17.11.35312.102
MinimumVisualStudioVersion = 10.0.40219.1
Project("{54A90642-561A-4BB1-A94E-469ADEE60C69}") = "my_todo_list_a00483108", "My_ToDo_List_A00483108\my_todo_list_a00483108.esproj", "{B11BCAFD-651A-4733-BC89-F86DA79E1A21}"
EndProject
Global
	GlobalSection(SolutionConfigurationPlatforms) = preSolution
		Debug|Any CPU = Debug|Any CPU
		Release|Any CPU = Release|Any CPU
	EndGlobalSection
	GlobalSection(ProjectConfigurationPlatforms) = postSolution
		{B11BCAFD-651A-4733-BC89-F86DA79E1A21}.Debug|Any CPU.ActiveCfg = Debug|Any CPU
		{B11BCAFD-651A-4733-BC89-F86DA79E1A21}.Debug|Any CPU.Build.0 = Debug|Any CPU
		{B11BCAFD-651A-4733-BC89-F86DA79E1A21}.Debug|Any CPU.Deploy.0 = Debug|Any CPU
		{B11BCAFD-651A-4733-BC89-F86DA79E1A21}.Release|Any CPU.ActiveCfg = Release|Any CPU
		{B11BCAFD-651A-4733-BC89-F86DA79E1A21}.Release|Any CPU.Build.0 = Release|Any CPU
		{B11BCAFD-651A-4733-BC89-F86DA79E1A21}.Release|Any CPU.Deploy.0 = Release|Any CPU
	EndGlobalSection
	GlobalSection(SolutionProperties) = preSolution
		HideSolutionNode = FALSE
	EndGlobalSection
	GlobalSection(ExtensibilityGlobals) = postSolution
		SolutionGuid = {EE097235-CAE6-40B8-97A0-690304644350}
	EndGlobalSection
EndGlobal
